// !$*UTF8*$!
{
	archiveVersion = 1;
	classes = {
	};
	objectVersion = 77;
	objects = {

/* Begin PBXBuildFile section */
		00015C9F4DCFDD6976DBA1A0 /* SmokeTests.swift in Sources */ = {isa = PBXBuildFile; fileRef = C45A3D29DFC058C3FB6D9539 /* SmokeTests.swift */; };
		3A7C46360FC8CC6F799C7A30 /* HeirloomApp.swift in Sources */ = {isa = PBXBuildFile; fileRef = AE5F87A8468038F3D3FDC4A0 /* HeirloomApp.swift */; };
		7AA3CB42BF64EEE963168293 /* BitcoinDevKit in Frameworks */ = {isa = PBXBuildFile; productRef = BFB13209C62FE9CCCE972BDD /* BitcoinDevKit */; };
/* End PBXBuildFile section */

/* Begin PBXContainerItemProxy section */
		55656CFF5FA1E7483F5B3C41 /* PBXContainerItemProxy */ = {
			isa = PBXContainerItemProxy;
			containerPortal = A0A07447C00177730D773FFC /* Project object */;
			proxyType = 1;
			remoteGlobalIDString = 8C89A26D541EF27F051E6DC1;
			remoteInfo = Heirloom;
		};
/* End PBXContainerItemProxy section */

/* Begin PBXFileReference section */
		7783D80B7B8AD9C0FBDC0EF7 /* Heirloom.app */ = {isa = PBXFileReference; includeInIndex = 0; lastKnownFileType = wrapper.application; path = Heirloom.app; sourceTree = BUILT_PRODUCTS_DIR; };
		9BF0133ACFC189F16BE13481 /* HeirloomTests.xctest */ = {isa = PBXFileReference; includeInIndex = 0; lastKnownFileType = wrapper.cfbundle; path = HeirloomTests.xctest; sourceTree = BUILT_PRODUCTS_DIR; };
		AE5F87A8468038F3D3FDC4A0 /* HeirloomApp.swift */ = {isa = PBXFileReference; lastKnownFileType = sourcecode.swift; path = HeirloomApp.swift; sourceTree = "<group>"; };
		C45A3D29DFC058C3FB6D9539 /* SmokeTests.swift */ = {isa = PBXFileReference; lastKnownFileType = sourcecode.swift; path = SmokeTests.swift; sourceTree = "<group>"; };
/* End PBXFileReference section */

/* Begin PBXFrameworksBuildPhase section */
		743F7254CFB7CEBC1EDA5A18 /* Frameworks */ = {
			isa = PBXFrameworksBuildPhase;
			buildActionMask = 2147483647;
			files = (
				7AA3CB42BF64EEE963168293 /* BitcoinDevKit in Frameworks */,
			);
			runOnlyForDeploymentPostprocessing = 0;
		};
/* End PBXFrameworksBuildPhase section */

/* Begin PBXGroup section */
		5BB257FBB97C951B5E07EF21 /* Products */ = {
			isa = PBXGroup;
			children = (
				7783D80B7B8AD9C0FBDC0EF7 /* Heirloom.app */,
				9BF0133ACFC189F16BE13481 /* HeirloomTests.xctest */,
			);
			name = Products;
			sourceTree = "<group>";
		};
		C8DB37E69CA5188AD27215A8 /* HeirloomTests */ = {
			isa = PBXGroup;
			children = (
				C45A3D29DFC058C3FB6D9539 /* SmokeTests.swift */,
			);
			path = HeirloomTests;
			sourceTree = "<group>";
		};
		CBCDD79657CE35AFEF0321A4 /* App */ = {
			isa = PBXGroup;
			children = (
				AE5F87A8468038F3D3FDC4A0 /* HeirloomApp.swift */,
			);
			path = App;
			sourceTree = "<group>";
		};
		D8B643938B68CF6D98D144FE = {
			isa = PBXGroup;
			children = (
				E2D5ED1318785436B81F724D /* Heirloom */,
				C8DB37E69CA5188AD27215A8 /* HeirloomTests */,
				5BB257FBB97C951B5E07EF21 /* Products */,
			);
			sourceTree = "<group>";
		};
		E2D5ED1318785436B81F724D /* Heirloom */ = {
			isa = PBXGroup;
			children = (
				CBCDD79657CE35AFEF0321A4 /* App */,
			);
			path = Heirloom;
			sourceTree = "<group>";
		};
/* End PBXGroup section */

/* Begin PBXNativeTarget section */
		8C89A26D541EF27F051E6DC1 /* Heirloom */ = {
			isa = PBXNativeTarget;
			buildConfigurationList = 609D89B09191006E9160AD95 /* Build configuration list for PBXNativeTarget "Heirloom" */;
			buildPhases = (
				4FDBC959138314C7C43945E7 /* Sources */,
				743F7254CFB7CEBC1EDA5A18 /* Frameworks */,
			);
			buildRules = (
			);
			dependencies = (
			);
			name = Heirloom;
			packageProductDependencies = (
				BFB13209C62FE9CCCE972BDD /* BitcoinDevKit */,
			);
			productName = Heirloom;
			productReference = 7783D80B7B8AD9C0FBDC0EF7 /* Heirloom.app */;
			productType = "com.apple.product-type.application";
		};
		B11B57A7B9876E1129545FF9 /* HeirloomTests */ = {
			isa = PBXNativeTarget;
			buildConfigurationList = 16DA21FF2B8F68B246F7B119 /* Build configuration list for PBXNativeTarget "HeirloomTests" */;
			buildPhases = (
				BCC86C1EE265F5AD1035FD4F /* Sources */,
			);
			buildRules = (
			);
			dependencies = (
				274841856EAF6FE9A653CF36 /* PBXTargetDependency */,
			);
			name = HeirloomTests;
			packageProductDependencies = (
			);
			productName = HeirloomTests;
			productReference = 9BF0133ACFC189F16BE13481 /* HeirloomTests.xctest */;
			productType = "com.apple.product-type.bundle.unit-test";
		};
/* End PBXNativeTarget section */

/* Begin PBXProject section */
		A0A07447C00177730D773FFC /* Project object */ = {
			isa = PBXProject;
			attributes = {
				BuildIndependentTargetsInParallel = YES;
				LastUpgradeCheck = 2630;
				TargetAttributes = {
					8C89A26D541EF27F051E6DC1 = {
						ProvisioningStyle = Automatic;
					};
					B11B57A7B9876E1129545FF9 = {
						ProvisioningStyle = Automatic;
					};
				};
			};
			buildConfigurationList = 8585573C1CF18747E64A0269 /* Build configuration list for PBXProject "Heirloom" */;
			developmentRegion = en;
			hasScannedForEncodings = 0;
			knownRegions = (
				Base,
				en,
			);
			mainGroup = D8B643938B68CF6D98D144FE;
			minimizedProjectReferenceProxies = 1;
			packageReferences = (
				CB999A6748AF5985AF2BC71D /* XCRemoteSwiftPackageReference "bdk-swift" */,
			);
			preferredProjectObjectVersion = 77;
			productRefGroup = 5BB257FBB97C951B5E07EF21 /* Products */;
			projectDirPath = "";
			projectRoot = "";
			targets = (
				8C89A26D541EF27F051E6DC1 /* Heirloom */,
				B11B57A7B9876E1129545FF9 /* HeirloomTests */,
			);
		};
/* End PBXProject section */

/* Begin PBXSourcesBuildPhase section */
		4FDBC959138314C7C43945E7 /* Sources */ = {
			isa = PBXSourcesBuildPhase;
			buildActionMask = 2147483647;
			files = (
				3A7C46360FC8CC6F799C7A30 /* HeirloomApp.swift in Sources */,
			);
			runOnlyForDeploymentPostprocessing = 0;
		};
		BCC86C1EE265F5AD1035FD4F /* Sources */ = {
			isa = PBXSourcesBuildPhase;
			buildActionMask = 2147483647;
			files = (
				00015C9F4DCFDD6976DBA1A0 /* SmokeTests.swift in Sources */,
			);
			runOnlyForDeploymentPostprocessing = 0;
		};
/* End PBXSourcesBuildPhase section */

/* Begin PBXTargetDependency section */
		274841856EAF6FE9A653CF36 /* PBXTargetDependency */ = {
			isa = PBXTargetDependency;
			target = 8C89A26D541EF27F051E6DC1 /* Heirloom */;
			targetProxy = 55656CFF5FA1E7483F5B3C41 /* PBXContainerItemProxy */;
		};
/* End PBXTargetDependency section */

/* Begin XCBuildConfiguration section */
		135A1F413C52B7FA7B8E0D42 /* Debug */ = {
			isa = XCBuildConfiguration;
			buildSettings = {
				ALWAYS_SEARCH_USER_PATHS = NO;
				CLANG_ANALYZER_NONNULL = YES;
				CLANG_ANALYZER_NUMBER_OBJECT_CONVERSION = YES_AGGRESSIVE;
				CLANG_CXX_LANGUAGE_STANDARD = "gnu++14";
				CLANG_CXX_LIBRARY = "libc++";
				CLANG_ENABLE_MODULES = YES;
				CLANG_ENABLE_OBJC_ARC = YES;
				CLANG_ENABLE_OBJC_WEAK = YES;
				CLANG_WARN_BLOCK_CAPTURE_AUTORELEASING = YES;
				CLANG_WARN_BOOL_CONVERSION = YES;
				CLANG_WARN_COMMA = YES;
				CLANG_WARN_CONSTANT_CONVERSION = YES;
				CLANG_WARN_DEPRECATED_OBJC_IMPLEMENTATIONS = YES;
				CLANG_WARN_DIRECT_OBJC_ISA_USAGE = YES_ERROR;
				CLANG_WARN_DOCUMENTATION_COMMENTS = YES;
				CLANG_WARN_EMPTY_BODY = YES;
				CLANG_WARN_ENUM_CONVERSION = YES;
				CLANG_WARN_INFINITE_RECURSION = YES;
				CLANG_WARN_INT_CONVERSION = YES;
				CLANG_WARN_NON_LITERAL_NULL_CONVERSION = YES;
				CLANG_WARN_OBJC_IMPLICIT_RETAIN_SELF = YES;
				CLANG_WARN_OBJC_LITERAL_CONVERSION = YES;
				CLANG_WARN_OBJC_ROOT_CLASS = YES_ERROR;
				CLANG_WARN_QUOTED_INCLUDE_IN_FRAMEWORK_HEADER = YES;
				CLANG_WARN_RANGE_LOOP_ANALYSIS = YES;
				CLANG_WARN_STRICT_PROTOTYPES = YES;
				CLANG_WARN_SUSPICIOUS_MOVE = YES;
				CLANG_WARN_UNGUARDED_AVAILABILITY = YES_AGGRESSIVE;
				CLANG_WARN_UNREACHABLE_CODE = YES;
				CLANG_WARN__DUPLICATE_METHOD_MATCH = YES;
				CODE_SIGNING_ALLOWED = NO;
				CODE_SIGN_STYLE = Automatic;
				COPY_PHASE_STRIP = NO;
				DEBUG_INFORMATION_FORMAT = dwarf;
				ENABLE_STRICT_OBJC_MSGSEND = YES;
				ENABLE_TESTABILITY = YES;
				ENABLE_USER_SCRIPT_SANDBOXING = YES;
				GCC_C_LANGUAGE_STANDARD = gnu11;
				GCC_DYNAMIC_NO_PIC = NO;
				GCC_NO_COMMON_BLOCKS = YES;
				GCC_OPTIMIZATION_LEVEL = 0;
				GCC_PREPROCESSOR_DEFINITIONS = (
					"$(inherited)",
					"DEBUG=1",
				);
				GCC_WARN_64_TO_32_BIT_CONVERSION = YES;
				GCC_WARN_ABOUT_RETURN_TYPE = YES_ERROR;
				GCC_WARN_UNDECLARED_SELECTOR = YES;
				GCC_WARN_UNINITIALIZED_AUTOS = YES_AGGRESSIVE;
				GCC_WARN_UNUSED_FUNCTION = YES;
				GCC_WARN_UNUSED_VARIABLE = YES;
				IPHONEOS_DEPLOYMENT_TARGET = 17.0;
				MTL_ENABLE_DEBUG_INFO = INCLUDE_SOURCE;
				MTL_FAST_MATH = YES;
				ONLY_ACTIVE_ARCH = YES;
				PRODUCT_NAME = "$(TARGET_NAME)";
				SDKROOT = iphoneos;
				SWIFT_ACTIVE_COMPILATION_CONDITIONS = DEBUG;
				SWIFT_OPTIMIZATION_LEVEL = "-Onone";
				SWIFT_VERSION = 5.10;
			};
			name = Debug;
		};
		1BA081EDEA18B3552D071233 /* Release */ = {
			isa = XCBuildConfiguration;
			buildSettings = {
				ALWAYS_SEARCH_USER_PATHS = NO;
				CLANG_ANALYZER_NONNULL = YES;
				CLANG_ANALYZER_NUMBER_OBJECT_CONVERSION = YES_AGGRESSIVE;
				CLANG_CXX_LANGUAGE_STANDARD = "gnu++14";
				CLANG_CXX_LIBRARY = "libc++";
				CLANG_ENABLE_MODULES = YES;
				CLANG_ENABLE_OBJC_ARC = YES;
				CLANG_ENABLE_OBJC_WEAK = YES;
				CLANG_WARN_BLOCK_CAPTURE_AUTORELEASING = YES;
				CLANG_WARN_BOOL_CONVERSION = YES;
				CLANG_WARN_COMMA = YES;
				CLANG_WARN_CONSTANT_CONVERSION = YES;
				CLANG_WARN_DEPRECATED_OBJC_IMPLEMENTATIONS = YES;
				CLANG_WARN_DIRECT_OBJC_ISA_USAGE = YES_ERROR;
				CLANG_WARN_DOCUMENTATION_COMMENTS = YES;
				CLANG_WARN_EMPTY_BODY = YES;
				CLANG_WARN_ENUM_CONVERSION = YES;
				CLANG_WARN_INFINITE_RECURSION = YES;
				CLANG_WARN_INT_CONVERSION = YES;
				CLANG_WARN_NON_LITERAL_NULL_CONVERSION = YES;
				CLANG_WARN_OBJC_IMPLICIT_RETAIN_SELF = YES;
				CLANG_WARN_OBJC_LITERAL_CONVERSION = YES;
				CLANG_WARN_OBJC_ROOT_CLASS = YES_ERROR;
				CLANG_WARN_QUOTED_INCLUDE_IN_FRAMEWORK_HEADER = YES;
				CLANG_WARN_RANGE_LOOP_ANALYSIS = YES;
				CLANG_WARN_STRICT_PROTOTYPES = YES;
				CLANG_WARN_SUSPICIOUS_MOVE = YES;
				CLANG_WARN_UNGUARDED_AVAILABILITY = YES_AGGRESSIVE;
				CLANG_WARN_UNREACHABLE_CODE = YES;
				CLANG_WARN__DUPLICATE_METHOD_MATCH = YES;
				CODE_SIGNING_ALLOWED = NO;
				CODE_SIGN_STYLE = Automatic;
				COPY_PHASE_STRIP = NO;
				DEBUG_INFORMATION_FORMAT = "dwarf-with-dsym";
				ENABLE_NS_ASSERTIONS = NO;
				ENABLE_STRICT_OBJC_MSGSEND = YES;
				ENABLE_USER_SCRIPT_SANDBOXING = YES;
				GCC_C_LANGUAGE_STANDARD = gnu11;
				GCC_NO_COMMON_BLOCKS = YES;
				GCC_WARN_64_TO_32_BIT_CONVERSION = YES;
				GCC_WARN_ABOUT_RETURN_TYPE = YES_ERROR;
				GCC_WARN_UNDECLARED_SELECTOR = YES;
				GCC_WARN_UNINITIALIZED_AUTOS = YES_AGGRESSIVE;
				GCC_WARN_UNUSED_FUNCTION = YES;
				GCC_WARN_UNUSED_VARIABLE = YES;
				IPHONEOS_DEPLOYMENT_TARGET = 17.0;
				MTL_ENABLE_DEBUG_INFO = NO;
				MTL_FAST_MATH = YES;
				PRODUCT_NAME = "$(TARGET_NAME)";
				SDKROOT = iphoneos;
				SWIFT_COMPILATION_MODE = wholemodule;
				SWIFT_OPTIMIZATION_LEVEL = "-O";
				SWIFT_VERSION = 5.10;
			};
			name = Release;
		};
		513D52F26F35FE482724E9B9 /* Debug */ = {
			isa = XCBuildConfiguration;
			buildSettings = {
				BUNDLE_LOADER = "$(TEST_HOST)";
				GENERATE_INFOPLIST_FILE = YES;
				LD_RUNPATH_SEARCH_PATHS = (
					"$(inherited)",
					"@executable_path/Frameworks",
					"@loader_path/Frameworks",
				);
				PRODUCT_BUNDLE_IDENTIFIER = "com.heirloomcrypto.heirloom-tests";
				SDKROOT = iphoneos;
				TARGETED_DEVICE_FAMILY = "1,2";
				TEST_HOST = "$(BUILT_PRODUCTS_DIR)/Heirloom.app/Heirloom";
			};
			name = Debug;
		};
		7E6452342C6E03833DAE135E /* Debug */ = {
			isa = XCBuildConfiguration;
			buildSettings = {
				ASSETCATALOG_COMPILER_APPICON_NAME = AppIcon;
				CODE_SIGN_IDENTITY = "iPhone Developer";
				CURRENT_PROJECT_VERSION = 1;
				GENERATE_INFOPLIST_FILE = YES;
				INFOPLIST_KEY_NSFaceIDUsageDescription = "Heirloom uses Face ID to protect access to your wallet keys.";
				INFOPLIST_KEY_UILaunchScreen_Generation = YES;
				INFOPLIST_KEY_UISupportedInterfaceOrientations = UIInterfaceOrientationPortrait;
				LD_RUNPATH_SEARCH_PATHS = (
					"$(inherited)",
					"@executable_path/Frameworks",
				);
				MARKETING_VERSION = 0.1.0;
				PRODUCT_BUNDLE_IDENTIFIER = com.heirloomcrypto.heirloom;
				SDKROOT = iphoneos;
				SWIFT_ACTIVE_COMPILATION_CONDITIONS = "$(inherited)";
				TARGETED_DEVICE_FAMILY = "1,2";
			};
			name = Debug;
		};
		9BB91B6EB903DCFA72274063 /* Release */ = {
			isa = XCBuildConfiguration;
			buildSettings = {
				BUNDLE_LOADER = "$(TEST_HOST)";
				GENERATE_INFOPLIST_FILE = YES;
				LD_RUNPATH_SEARCH_PATHS = (
					"$(inherited)",
					"@executable_path/Frameworks",
					"@loader_path/Frameworks",
				);
				PRODUCT_BUNDLE_IDENTIFIER = "com.heirloomcrypto.heirloom-tests";
				SDKROOT = iphoneos;
				TARGETED_DEVICE_FAMILY = "1,2";
				TEST_HOST = "$(BUILT_PRODUCTS_DIR)/Heirloom.app/Heirloom";
			};
			name = Release;
		};
		CE60778859EB18EE75B2D060 /* Release */ = {
			isa = XCBuildConfiguration;
			buildSettings = {
				ASSETCATALOG_COMPILER_APPICON_NAME = AppIcon;
				CODE_SIGN_IDENTITY = "iPhone Developer";
				CURRENT_PROJECT_VERSION = 1;
				GENERATE_INFOPLIST_FILE = YES;
				INFOPLIST_KEY_NSFaceIDUsageDescription = "Heirloom uses Face ID to protect access to your wallet keys.";
				INFOPLIST_KEY_UILaunchScreen_Generation = YES;
				INFOPLIST_KEY_UISupportedInterfaceOrientations = UIInterfaceOrientationPortrait;
				LD_RUNPATH_SEARCH_PATHS = (
					"$(inherited)",
					"@executable_path/Frameworks",
				);
				MARKETING_VERSION = 0.1.0;
				PRODUCT_BUNDLE_IDENTIFIER = com.heirloomcrypto.heirloom;
				SDKROOT = iphoneos;
				SWIFT_ACTIVE_COMPILATION_CONDITIONS = "$(inherited)";
				TARGETED_DEVICE_FAMILY = "1,2";
			};
			name = Release;
		};
/* End XCBuildConfiguration section */

/* Begin XCConfigurationList section */
		16DA21FF2B8F68B246F7B119 /* Build configuration list for PBXNativeTarget "HeirloomTests" */ = {
			isa = XCConfigurationList;
			buildConfigurations = (
				513D52F26F35FE482724E9B9 /* Debug */,
				9BB91B6EB903DCFA72274063 /* Release */,
			);
			defaultConfigurationIsVisible = 0;
			defaultConfigurationName = Debug;
		};
		609D89B09191006E9160AD95 /* Build configuration list for PBXNativeTarget "Heirloom" */ = {
			isa = XCConfigurationList;
			buildConfigurations = (
				7E6452342C6E03833DAE135E /* Debug */,
				CE60778859EB18EE75B2D060 /* Release */,
			);
			defaultConfigurationIsVisible = 0;
			defaultConfigurationName = Debug;
		};
		8585573C1CF18747E64A0269 /* Build configuration list for PBXProject "Heirloom" */ = {
			isa = XCConfigurationList;
			buildConfigurations = (
				135A1F413C52B7FA7B8E0D42 /* Debug */,
				1BA081EDEA18B3552D071233 /* Release */,
			);
			defaultConfigurationIsVisible = 0;
			defaultConfigurationName = Debug;
		};
/* End XCConfigurationList section */

/* Begin XCRemoteSwiftPackageReference section */
		CB999A6748AF5985AF2BC71D /* XCRemoteSwiftPackageReference "bdk-swift" */ = {
			isa = XCRemoteSwiftPackageReference;
			repositoryURL = "https://github.com/bitcoindevkit/bdk-swift";
			requirement = {
				kind = exactVersion;
				version = 3.0.0;
			};
		};
/* End XCRemoteSwiftPackageReference section */

/* Begin XCSwiftPackageProductDependency section */
		BFB13209C62FE9CCCE972BDD /* BitcoinDevKit */ = {
			isa = XCSwiftPackageProductDependency;
			package = CB999A6748AF5985AF2BC71D /* XCRemoteSwiftPackageReference "bdk-swift" */;
			productName = BitcoinDevKit;
		};
/* End XCSwiftPackageProductDependency section */
	};
	rootObject = A0A07447C00177730D773FFC /* Project object */;
}
