// !$*UTF8*$!
{
	archiveVersion = 1;
	classes = {
	};
	objectVersion = 77;
	objects = {

/* Begin PBXBuildFile section */
		000D022972579D0F570556FD /* DelayPreset.swift in Sources */ = {isa = PBXBuildFile; fileRef = 19429DAFB1AD0136CC878BCE /* DelayPreset.swift */; };
		0DB56465791B0C3F839F98D1 /* WalletManager.swift in Sources */ = {isa = PBXBuildFile; fileRef = 28EAD51B5ADCF0E96CAE4071 /* WalletManager.swift */; };
		20390199DB35EB97FEC55F2D /* AppNetwork.swift in Sources */ = {isa = PBXBuildFile; fileRef = CECCDDD1E4A441E0EB4064D1 /* AppNetwork.swift */; };
		2FF8473AC543286FE775D15B /* RecoveryKit.swift in Sources */ = {isa = PBXBuildFile; fileRef = 4E840A40DB12734637B10E2C /* RecoveryKit.swift */; };
		30A6BC3B167CA63AE5C7E1E6 /* RootView.swift in Sources */ = {isa = PBXBuildFile; fileRef = F86CBE8F401BB5998332C0FF /* RootView.swift */; };
		318849E695DF6B51E552A967 /* HeartbeatView.swift in Sources */ = {isa = PBXBuildFile; fileRef = 1B8FAF185C19EF0E77F131DB /* HeartbeatView.swift */; };
		38183C8C2573A82F396B2FD0 /* ReceiveView.swift in Sources */ = {isa = PBXBuildFile; fileRef = D08177B04EE1A10B356AC992 /* ReceiveView.swift */; };
		3A7C46360FC8CC6F799C7A30 /* HeirloomApp.swift in Sources */ = {isa = PBXBuildFile; fileRef = AE5F87A8468038F3D3FDC4A0 /* HeirloomApp.swift */; };
		4159A252FD95F78D27538DA7 /* TestFixtures.swift in Sources */ = {isa = PBXBuildFile; fileRef = A905C620477324142BCD5188 /* TestFixtures.swift */; };
		494F9FFB086801A5E15E962D /* WelcomeView.swift in Sources */ = {isa = PBXBuildFile; fileRef = 3BD64937577DE6A044CDD015 /* WelcomeView.swift */; };
		4A6BC078E77B77D287D8E2F8 /* HomeView.swift in Sources */ = {isa = PBXBuildFile; fileRef = 60BDCE60A0168F5243AE04D0 /* HomeView.swift */; };
		4C1C8E657FDBCAC78F99CC5E /* SendView.swift in Sources */ = {isa = PBXBuildFile; fileRef = 985F90A27247128ED95C1624 /* SendView.swift */; };
		6E2754DBD405A68CB3CA90EB /* InheritanceDescriptor.swift in Sources */ = {isa = PBXBuildFile; fileRef = 9E4C32F240C387F7EEBD25E3 /* InheritanceDescriptor.swift */; };
		7957CBBECF4855229AA98352 /* PolicyPaths.swift in Sources */ = {isa = PBXBuildFile; fileRef = 6ED68E20950050C281DB76E1 /* PolicyPaths.swift */; };
		7AA3CB42BF64EEE963168293 /* BitcoinDevKit in Frameworks */ = {isa = PBXBuildFile; productRef = BFB13209C62FE9CCCE972BDD /* BitcoinDevKit */; };
		8201A0765F9101FB3E7961E9 /* ClaimView.swift in Sources */ = {isa = PBXBuildFile; fileRef = F27372A18635DAFD5014E8F4 /* ClaimView.swift */; };
		8EE57239348ECCAB845F7BAF /* WalletMeta.swift in Sources */ = {isa = PBXBuildFile; fileRef = 016E05507E9B17C720EF4870 /* WalletMeta.swift */; };
		9BF7514527D54C1262F715C4 /* WalletService.swift in Sources */ = {isa = PBXBuildFile; fileRef = 8EB2C5E19449F77E206B852A /* WalletService.swift */; };
		9D7208ED9469047E75418F52 /* HeirRecoveryView.swift in Sources */ = {isa = PBXBuildFile; fileRef = 312789043FFEB38BCC886408 /* HeirRecoveryView.swift */; };
		A8AAF718452D7E6EDD12784A /* PolicyAndTransactionTests.swift in Sources */ = {isa = PBXBuildFile; fileRef = 1A6DFEB4172A34A8218955DD /* PolicyAndTransactionTests.swift */; };
		B558D3CFD07D152B6FF21AEE /* KeyService.swift in Sources */ = {isa = PBXBuildFile; fileRef = 6FC0653E37D20C2DC2AFEEA0 /* KeyService.swift */; };
		BBB2667106AD9BA0E17F4F20 /* HeirloomError.swift in Sources */ = {isa = PBXBuildFile; fileRef = E27BAEE80AFA52257B957C14 /* HeirloomError.swift */; };
		BF1081A69EBD8E37D9B6396C /* Theme.swift in Sources */ = {isa = PBXBuildFile; fileRef = 8811153B8FF4B89F5F7270AB /* Theme.swift */; };
		DFE046493B3F874D5F6A7F28 /* DescriptorTests.swift in Sources */ = {isa = PBXBuildFile; fileRef = B0CE8A490E66BE81860643FE /* DescriptorTests.swift */; };
		E02DA86AACD9A10F2E29CBD8 /* ChainClient.swift in Sources */ = {isa = PBXBuildFile; fileRef = 3F56D3F4F72FD6F23214F4CE /* ChainClient.swift */; };
		EE157735E91A036F24DDB405 /* RegtestLifecycleTests.swift in Sources */ = {isa = PBXBuildFile; fileRef = A94009829CA89C5574B27FBF /* RegtestLifecycleTests.swift */; };
		EF309334B00DEE3BB038AA1F /* KeychainStore.swift in Sources */ = {isa = PBXBuildFile; fileRef = F021B48140156947B064D0B1 /* KeychainStore.swift */; };
		F022BE947FB77690700CE4F7 /* SignetLifecycleTests.swift in Sources */ = {isa = PBXBuildFile; fileRef = 1040D4C3DED45B1B4B99C926 /* SignetLifecycleTests.swift */; };
		F3EBAFC7C0A195E9EE6A5BC0 /* SettingsView.swift in Sources */ = {isa = PBXBuildFile; fileRef = C172D4EB3D58D18F6707BA05 /* SettingsView.swift */; };
		FBB5B22B9E7521347D8E4E0B /* OwnerWizardView.swift in Sources */ = {isa = PBXBuildFile; fileRef = 56CF6F5F18F26FC98B8703AF /* OwnerWizardView.swift */; };
/* End PBXBuildFile section */

/* Begin PBXContainerItemProxy section */
		55656CFF5FA1E7483F5B3C41 /* PBXContainerItemProxy */ = {
			isa = PBXContainerItemProxy;
			containerPortal = A0A07447C00177730D773FFC /* Project object */;
			proxyType = 1;
			remoteGlobalIDString = 8C89A26D541EF27F051E6DC1;
			remoteInfo = Heirloom;
		};
/* End PBXContainerItemProxy section */

/* Begin PBXFileReference section */
		016E05507E9B17C720EF4870 /* WalletMeta.swift */ = {isa = PBXFileReference; lastKnownFileType = sourcecode.swift; path = WalletMeta.swift; sourceTree = "<group>"; };
		1040D4C3DED45B1B4B99C926 /* SignetLifecycleTests.swift */ = {isa = PBXFileReference; lastKnownFileType = sourcecode.swift; path = SignetLifecycleTests.swift; sourceTree = "<group>"; };
		19429DAFB1AD0136CC878BCE /* DelayPreset.swift */ = {isa = PBXFileReference; lastKnownFileType = sourcecode.swift; path = DelayPreset.swift; sourceTree = "<group>"; };
		1A6DFEB4172A34A8218955DD /* PolicyAndTransactionTests.swift */ = {isa = PBXFileReference; lastKnownFileType = sourcecode.swift; path = PolicyAndTransactionTests.swift; sourceTree = "<group>"; };
		1B8FAF185C19EF0E77F131DB /* HeartbeatView.swift */ = {isa = PBXFileReference; lastKnownFileType = sourcecode.swift; path = HeartbeatView.swift; sourceTree = "<group>"; };
		28EAD51B5ADCF0E96CAE4071 /* WalletManager.swift */ = {isa = PBXFileReference; lastKnownFileType = sourcecode.swift; path = WalletManager.swift; sourceTree = "<group>"; };
		312789043FFEB38BCC886408 /* HeirRecoveryView.swift */ = {isa = PBXFileReference; lastKnownFileType = sourcecode.swift; path = HeirRecoveryView.swift; sourceTree = "<group>"; };
		3BD64937577DE6A044CDD015 /* WelcomeView.swift */ = {isa = PBXFileReference; lastKnownFileType = sourcecode.swift; path = WelcomeView.swift; sourceTree = "<group>"; };
		3F56D3F4F72FD6F23214F4CE /* ChainClient.swift */ = {isa = PBXFileReference; lastKnownFileType = sourcecode.swift; path = ChainClient.swift; sourceTree = "<group>"; };
		4E840A40DB12734637B10E2C /* RecoveryKit.swift */ = {isa = PBXFileReference; lastKnownFileType = sourcecode.swift; path = RecoveryKit.swift; sourceTree = "<group>"; };
		56CF6F5F18F26FC98B8703AF /* OwnerWizardView.swift */ = {isa = PBXFileReference; lastKnownFileType = sourcecode.swift; path = OwnerWizardView.swift; sourceTree = "<group>"; };
		60BDCE60A0168F5243AE04D0 /* HomeView.swift */ = {isa = PBXFileReference; lastKnownFileType = sourcecode.swift; path = HomeView.swift; sourceTree = "<group>"; };
		6ED68E20950050C281DB76E1 /* PolicyPaths.swift */ = {isa = PBXFileReference; lastKnownFileType = sourcecode.swift; path = PolicyPaths.swift; sourceTree = "<group>"; };
		6FC0653E37D20C2DC2AFEEA0 /* KeyService.swift */ = {isa = PBXFileReference; lastKnownFileType = sourcecode.swift; path = KeyService.swift; sourceTree = "<group>"; };
		7783D80B7B8AD9C0FBDC0EF7 /* Heirloom.app */ = {isa = PBXFileReference; includeInIndex = 0; lastKnownFileType = wrapper.application; path = Heirloom.app; sourceTree = BUILT_PRODUCTS_DIR; };
		8811153B8FF4B89F5F7270AB /* Theme.swift */ = {isa = PBXFileReference; lastKnownFileType = sourcecode.swift; path = Theme.swift; sourceTree = "<group>"; };
		8EB2C5E19449F77E206B852A /* WalletService.swift */ = {isa = PBXFileReference; lastKnownFileType = sourcecode.swift; path = WalletService.swift; sourceTree = "<group>"; };
		985F90A27247128ED95C1624 /* SendView.swift */ = {isa = PBXFileReference; lastKnownFileType = sourcecode.swift; path = SendView.swift; sourceTree = "<group>"; };
		9BF0133ACFC189F16BE13481 /* HeirloomTests.xctest */ = {isa = PBXFileReference; includeInIndex = 0; lastKnownFileType = wrapper.cfbundle; path = HeirloomTests.xctest; sourceTree = BUILT_PRODUCTS_DIR; };
		9E4C32F240C387F7EEBD25E3 /* InheritanceDescriptor.swift */ = {isa = PBXFileReference; lastKnownFileType = sourcecode.swift; path = InheritanceDescriptor.swift; sourceTree = "<group>"; };
		A905C620477324142BCD5188 /* TestFixtures.swift */ = {isa = PBXFileReference; lastKnownFileType = sourcecode.swift; path = TestFixtures.swift; sourceTree = "<group>"; };
		A94009829CA89C5574B27FBF /* RegtestLifecycleTests.swift */ = {isa = PBXFileReference; lastKnownFileType = sourcecode.swift; path = RegtestLifecycleTests.swift; sourceTree = "<group>"; };
		AE5F87A8468038F3D3FDC4A0 /* HeirloomApp.swift */ = {isa = PBXFileReference; lastKnownFileType = sourcecode.swift; path = HeirloomApp.swift; sourceTree = "<group>"; };
		B0CE8A490E66BE81860643FE /* DescriptorTests.swift */ = {isa = PBXFileReference; lastKnownFileType = sourcecode.swift; path = DescriptorTests.swift; sourceTree = "<group>"; };
		C172D4EB3D58D18F6707BA05 /* SettingsView.swift */ = {isa = PBXFileReference; lastKnownFileType = sourcecode.swift; path = SettingsView.swift; sourceTree = "<group>"; };
		CECCDDD1E4A441E0EB4064D1 /* AppNetwork.swift */ = {isa = PBXFileReference; lastKnownFileType = sourcecode.swift; path = AppNetwork.swift; sourceTree = "<group>"; };
		D08177B04EE1A10B356AC992 /* ReceiveView.swift */ = {isa = PBXFileReference; lastKnownFileType = sourcecode.swift; path = ReceiveView.swift; sourceTree = "<group>"; };
		E27BAEE80AFA52257B957C14 /* HeirloomError.swift */ = {isa = PBXFileReference; lastKnownFileType = sourcecode.swift; path = HeirloomError.swift; sourceTree = "<group>"; };
		F021B48140156947B064D0B1 /* KeychainStore.swift */ = {isa = PBXFileReference; lastKnownFileType = sourcecode.swift; path = KeychainStore.swift; sourceTree = "<group>"; };
		F27372A18635DAFD5014E8F4 /* ClaimView.swift */ = {isa = PBXFileReference; lastKnownFileType = sourcecode.swift; path = ClaimView.swift; sourceTree = "<group>"; };
		F86CBE8F401BB5998332C0FF /* RootView.swift */ = {isa = PBXFileReference; lastKnownFileType = sourcecode.swift; path = RootView.swift; sourceTree = "<group>"; };
/* End PBXFileReference section */

/* Begin PBXFrameworksBuildPhase section */
		743F7254CFB7CEBC1EDA5A18 /* Frameworks */ = {
			isa = PBXFrameworksBuildPhase;
			buildActionMask = 2147483647;
			files = (
				7AA3CB42BF64EEE963168293 /* BitcoinDevKit in Frameworks */,
			);
			runOnlyForDeploymentPostprocessing = 0;
		};
/* End PBXFrameworksBuildPhase section */

/* Begin PBXGroup section */
		48DC1F65D828B0C87BB8DD7B /* UI */ = {
			isa = PBXGroup;
			children = (
				F86CBE8F401BB5998332C0FF /* RootView.swift */,
				C172D4EB3D58D18F6707BA05 /* SettingsView.swift */,
				8811153B8FF4B89F5F7270AB /* Theme.swift */,
				B8664C07B414B7E967FF561B /* Home */,
				584137B210B3A4062F9B6265 /* Onboarding */,
			);
			path = UI;
			sourceTree = "<group>";
		};
		584137B210B3A4062F9B6265 /* Onboarding */ = {
			isa = PBXGroup;
			children = (
				312789043FFEB38BCC886408 /* HeirRecoveryView.swift */,
				56CF6F5F18F26FC98B8703AF /* OwnerWizardView.swift */,
				3BD64937577DE6A044CDD015 /* WelcomeView.swift */,
			);
			path = Onboarding;
			sourceTree = "<group>";
		};
		5BB257FBB97C951B5E07EF21 /* Products */ = {
			isa = PBXGroup;
			children = (
				7783D80B7B8AD9C0FBDC0EF7 /* Heirloom.app */,
				9BF0133ACFC189F16BE13481 /* HeirloomTests.xctest */,
			);
			name = Products;
			sourceTree = "<group>";
		};
		B8664C07B414B7E967FF561B /* Home */ = {
			isa = PBXGroup;
			children = (
				F27372A18635DAFD5014E8F4 /* ClaimView.swift */,
				1B8FAF185C19EF0E77F131DB /* HeartbeatView.swift */,
				60BDCE60A0168F5243AE04D0 /* HomeView.swift */,
				D08177B04EE1A10B356AC992 /* ReceiveView.swift */,
				985F90A27247128ED95C1624 /* SendView.swift */,
			);
			path = Home;
			sourceTree = "<group>";
		};
		C8DB37E69CA5188AD27215A8 /* HeirloomTests */ = {
			isa = PBXGroup;
			children = (
				B0CE8A490E66BE81860643FE /* DescriptorTests.swift */,
				1A6DFEB4172A34A8218955DD /* PolicyAndTransactionTests.swift */,
				A94009829CA89C5574B27FBF /* RegtestLifecycleTests.swift */,
				1040D4C3DED45B1B4B99C926 /* SignetLifecycleTests.swift */,
				A905C620477324142BCD5188 /* TestFixtures.swift */,
			);
			path = HeirloomTests;
			sourceTree = "<group>";
		};
		CBCDD79657CE35AFEF0321A4 /* App */ = {
			isa = PBXGroup;
			children = (
				AE5F87A8468038F3D3FDC4A0 /* HeirloomApp.swift */,
			);
			path = App;
			sourceTree = "<group>";
		};
		CE482F3082BC4015FE64856D /* Core */ = {
			isa = PBXGroup;
			children = (
				CECCDDD1E4A441E0EB4064D1 /* AppNetwork.swift */,
				3F56D3F4F72FD6F23214F4CE /* ChainClient.swift */,
				19429DAFB1AD0136CC878BCE /* DelayPreset.swift */,
				E27BAEE80AFA52257B957C14 /* HeirloomError.swift */,
				9E4C32F240C387F7EEBD25E3 /* InheritanceDescriptor.swift */,
				F021B48140156947B064D0B1 /* KeychainStore.swift */,
				6FC0653E37D20C2DC2AFEEA0 /* KeyService.swift */,
				6ED68E20950050C281DB76E1 /* PolicyPaths.swift */,
				4E840A40DB12734637B10E2C /* RecoveryKit.swift */,
				28EAD51B5ADCF0E96CAE4071 /* WalletManager.swift */,
				016E05507E9B17C720EF4870 /* WalletMeta.swift */,
				8EB2C5E19449F77E206B852A /* WalletService.swift */,
			);
			path = Core;
			sourceTree = "<group>";
		};
		D8B643938B68CF6D98D144FE = {
			isa = PBXGroup;
			children = (
				E2D5ED1318785436B81F724D /* Heirloom */,
				C8DB37E69CA5188AD27215A8 /* HeirloomTests */,
				5BB257FBB97C951B5E07EF21 /* Products */,
			);
			sourceTree = "<group>";
		};
		E2D5ED1318785436B81F724D /* Heirloom */ = {
			isa = PBXGroup;
			children = (
				CBCDD79657CE35AFEF0321A4 /* App */,
				CE482F3082BC4015FE64856D /* Core */,
				48DC1F65D828B0C87BB8DD7B /* UI */,
			);
			path = Heirloom;
			sourceTree = "<group>";
		};
/* End PBXGroup section */

/* Begin PBXNativeTarget section */
		8C89A26D541EF27F051E6DC1 /* Heirloom */ = {
			isa = PBXNativeTarget;
			buildConfigurationList = 609D89B09191006E9160AD95 /* Build configuration list for PBXNativeTarget "Heirloom" */;
			buildPhases = (
				4FDBC959138314C7C43945E7 /* Sources */,
				743F7254CFB7CEBC1EDA5A18 /* Frameworks */,
			);
			buildRules = (
			);
			dependencies = (
			);
			name = Heirloom;
			packageProductDependencies = (
				BFB13209C62FE9CCCE972BDD /* BitcoinDevKit */,
			);
			productName = Heirloom;
			productReference = 7783D80B7B8AD9C0FBDC0EF7 /* Heirloom.app */;
			productType = "com.apple.product-type.application";
		};
		B11B57A7B9876E1129545FF9 /* HeirloomTests */ = {
			isa = PBXNativeTarget;
			buildConfigurationList = 16DA21FF2B8F68B246F7B119 /* Build configuration list for PBXNativeTarget "HeirloomTests" */;
			buildPhases = (
				BCC86C1EE265F5AD1035FD4F /* Sources */,
			);
			buildRules = (
			);
			dependencies = (
				274841856EAF6FE9A653CF36 /* PBXTargetDependency */,
			);
			name = HeirloomTests;
			packageProductDependencies = (
			);
			productName = HeirloomTests;
			productReference = 9BF0133ACFC189F16BE13481 /* HeirloomTests.xctest */;
			productType = "com.apple.product-type.bundle.unit-test";
		};
/* End PBXNativeTarget section */

/* Begin PBXProject section */
		A0A07447C00177730D773FFC /* Project object */ = {
			isa = PBXProject;
			attributes = {
				BuildIndependentTargetsInParallel = YES;
				LastUpgradeCheck = 2630;
				TargetAttributes = {
					8C89A26D541EF27F051E6DC1 = {
						ProvisioningStyle = Automatic;
					};
					B11B57A7B9876E1129545FF9 = {
						ProvisioningStyle = Automatic;
					};
				};
			};
			buildConfigurationList = 8585573C1CF18747E64A0269 /* Build configuration list for PBXProject "Heirloom" */;
			developmentRegion = en;
			hasScannedForEncodings = 0;
			knownRegions = (
				Base,
				en,
			);
			mainGroup = D8B643938B68CF6D98D144FE;
			minimizedProjectReferenceProxies = 1;
			packageReferences = (
				CB999A6748AF5985AF2BC71D /* XCRemoteSwiftPackageReference "bdk-swift" */,
			);
			preferredProjectObjectVersion = 77;
			productRefGroup = 5BB257FBB97C951B5E07EF21 /* Products */;
			projectDirPath = "";
			projectRoot = "";
			targets = (
				8C89A26D541EF27F051E6DC1 /* Heirloom */,
				B11B57A7B9876E1129545FF9 /* HeirloomTests */,
			);
		};
/* End PBXProject section */

/* Begin PBXSourcesBuildPhase section */
		4FDBC959138314C7C43945E7 /* Sources */ = {
			isa = PBXSourcesBuildPhase;
			buildActionMask = 2147483647;
			files = (
				20390199DB35EB97FEC55F2D /* AppNetwork.swift in Sources */,
				E02DA86AACD9A10F2E29CBD8 /* ChainClient.swift in Sources */,
				8201A0765F9101FB3E7961E9 /* ClaimView.swift in Sources */,
				000D022972579D0F570556FD /* DelayPreset.swift in Sources */,
				318849E695DF6B51E552A967 /* HeartbeatView.swift in Sources */,
				9D7208ED9469047E75418F52 /* HeirRecoveryView.swift in Sources */,
				3A7C46360FC8CC6F799C7A30 /* HeirloomApp.swift in Sources */,
				BBB2667106AD9BA0E17F4F20 /* HeirloomError.swift in Sources */,
				4A6BC078E77B77D287D8E2F8 /* HomeView.swift in Sources */,
				6E2754DBD405A68CB3CA90EB /* InheritanceDescriptor.swift in Sources */,
				B558D3CFD07D152B6FF21AEE /* KeyService.swift in Sources */,
				EF309334B00DEE3BB038AA1F /* KeychainStore.swift in Sources */,
				FBB5B22B9E7521347D8E4E0B /* OwnerWizardView.swift in Sources */,
				7957CBBECF4855229AA98352 /* PolicyPaths.swift in Sources */,
				38183C8C2573A82F396B2FD0 /* ReceiveView.swift in Sources */,
				2FF8473AC543286FE775D15B /* RecoveryKit.swift in Sources */,
				30A6BC3B167CA63AE5C7E1E6 /* RootView.swift in Sources */,
				4C1C8E657FDBCAC78F99CC5E /* SendView.swift in Sources */,
				F3EBAFC7C0A195E9EE6A5BC0 /* SettingsView.swift in Sources */,
				BF1081A69EBD8E37D9B6396C /* Theme.swift in Sources */,
				0DB56465791B0C3F839F98D1 /* WalletManager.swift in Sources */,
				8EE57239348ECCAB845F7BAF /* WalletMeta.swift in Sources */,
				9BF7514527D54C1262F715C4 /* WalletService.swift in Sources */,
				494F9FFB086801A5E15E962D /* WelcomeView.swift in Sources */,
			);
			runOnlyForDeploymentPostprocessing = 0;
		};
		BCC86C1EE265F5AD1035FD4F /* Sources */ = {
			isa = PBXSourcesBuildPhase;
			buildActionMask = 2147483647;
			files = (
				DFE046493B3F874D5F6A7F28 /* DescriptorTests.swift in Sources */,
				A8AAF718452D7E6EDD12784A /* PolicyAndTransactionTests.swift in Sources */,
				EE157735E91A036F24DDB405 /* RegtestLifecycleTests.swift in Sources */,
				F022BE947FB77690700CE4F7 /* SignetLifecycleTests.swift in Sources */,
				4159A252FD95F78D27538DA7 /* TestFixtures.swift in Sources */,
			);
			runOnlyForDeploymentPostprocessing = 0;
		};
/* End PBXSourcesBuildPhase section */

/* Begin PBXTargetDependency section */
		274841856EAF6FE9A653CF36 /* PBXTargetDependency */ = {
			isa = PBXTargetDependency;
			target = 8C89A26D541EF27F051E6DC1 /* Heirloom */;
			targetProxy = 55656CFF5FA1E7483F5B3C41 /* PBXContainerItemProxy */;
		};
/* End PBXTargetDependency section */

/* Begin XCBuildConfiguration section */
		135A1F413C52B7FA7B8E0D42 /* Debug */ = {
			isa = XCBuildConfiguration;
			buildSettings = {
				ALWAYS_SEARCH_USER_PATHS = NO;
				CLANG_ANALYZER_NONNULL = YES;
				CLANG_ANALYZER_NUMBER_OBJECT_CONVERSION = YES_AGGRESSIVE;
				CLANG_CXX_LANGUAGE_STANDARD = "gnu++14";
				CLANG_CXX_LIBRARY = "libc++";
				CLANG_ENABLE_MODULES = YES;
				CLANG_ENABLE_OBJC_ARC = YES;
				CLANG_ENABLE_OBJC_WEAK = YES;
				CLANG_WARN_BLOCK_CAPTURE_AUTORELEASING = YES;
				CLANG_WARN_BOOL_CONVERSION = YES;
				CLANG_WARN_COMMA = YES;
				CLANG_WARN_CONSTANT_CONVERSION = YES;
				CLANG_WARN_DEPRECATED_OBJC_IMPLEMENTATIONS = YES;
				CLANG_WARN_DIRECT_OBJC_ISA_USAGE = YES_ERROR;
				CLANG_WARN_DOCUMENTATION_COMMENTS = YES;
				CLANG_WARN_EMPTY_BODY = YES;
				CLANG_WARN_ENUM_CONVERSION = YES;
				CLANG_WARN_INFINITE_RECURSION = YES;
				CLANG_WARN_INT_CONVERSION = YES;
				CLANG_WARN_NON_LITERAL_NULL_CONVERSION = YES;
				CLANG_WARN_OBJC_IMPLICIT_RETAIN_SELF = YES;
				CLANG_WARN_OBJC_LITERAL_CONVERSION = YES;
				CLANG_WARN_OBJC_ROOT_CLASS = YES_ERROR;
				CLANG_WARN_QUOTED_INCLUDE_IN_FRAMEWORK_HEADER = YES;
				CLANG_WARN_RANGE_LOOP_ANALYSIS = YES;
				CLANG_WARN_STRICT_PROTOTYPES = YES;
				CLANG_WARN_SUSPICIOUS_MOVE = YES;
				CLANG_WARN_UNGUARDED_AVAILABILITY = YES_AGGRESSIVE;
				CLANG_WARN_UNREACHABLE_CODE = YES;
				CLANG_WARN__DUPLICATE_METHOD_MATCH = YES;
				CODE_SIGN_IDENTITY = "-";
				CODE_SIGN_STYLE = Automatic;
				COPY_PHASE_STRIP = NO;
				DEBUG_INFORMATION_FORMAT = dwarf;
				ENABLE_STRICT_OBJC_MSGSEND = YES;
				ENABLE_TESTABILITY = YES;
				ENABLE_USER_SCRIPT_SANDBOXING = YES;
				GCC_C_LANGUAGE_STANDARD = gnu11;
				GCC_DYNAMIC_NO_PIC = NO;
				GCC_NO_COMMON_BLOCKS = YES;
				GCC_OPTIMIZATION_LEVEL = 0;
				GCC_PREPROCESSOR_DEFINITIONS = (
					"$(inherited)",
					"DEBUG=1",
				);
				GCC_WARN_64_TO_32_BIT_CONVERSION = YES;
				GCC_WARN_ABOUT_RETURN_TYPE = YES_ERROR;
				GCC_WARN_UNDECLARED_SELECTOR = YES;
				GCC_WARN_UNINITIALIZED_AUTOS = YES_AGGRESSIVE;
				GCC_WARN_UNUSED_FUNCTION = YES;
				GCC_WARN_UNUSED_VARIABLE = YES;
				IPHONEOS_DEPLOYMENT_TARGET = 17.0;
				MTL_ENABLE_DEBUG_INFO = INCLUDE_SOURCE;
				MTL_FAST_MATH = YES;
				ONLY_ACTIVE_ARCH = YES;
				PRODUCT_NAME = "$(TARGET_NAME)";
				SDKROOT = iphoneos;
				SWIFT_ACTIVE_COMPILATION_CONDITIONS = DEBUG;
				SWIFT_OPTIMIZATION_LEVEL = "-Onone";
				SWIFT_VERSION = 5.10;
			};
			name = Debug;
		};
		1BA081EDEA18B3552D071233 /* Release */ = {
			isa = XCBuildConfiguration;
			buildSettings = {
				ALWAYS_SEARCH_USER_PATHS = NO;
				CLANG_ANALYZER_NONNULL = YES;
				CLANG_ANALYZER_NUMBER_OBJECT_CONVERSION = YES_AGGRESSIVE;
				CLANG_CXX_LANGUAGE_STANDARD = "gnu++14";
				CLANG_CXX_LIBRARY = "libc++";
				CLANG_ENABLE_MODULES = YES;
				CLANG_ENABLE_OBJC_ARC = YES;
				CLANG_ENABLE_OBJC_WEAK = YES;
				CLANG_WARN_BLOCK_CAPTURE_AUTORELEASING = YES;
				CLANG_WARN_BOOL_CONVERSION = YES;
				CLANG_WARN_COMMA = YES;
				CLANG_WARN_CONSTANT_CONVERSION = YES;
				CLANG_WARN_DEPRECATED_OBJC_IMPLEMENTATIONS = YES;
				CLANG_WARN_DIRECT_OBJC_ISA_USAGE = YES_ERROR;
				CLANG_WARN_DOCUMENTATION_COMMENTS = YES;
				CLANG_WARN_EMPTY_BODY = YES;
				CLANG_WARN_ENUM_CONVERSION = YES;
				CLANG_WARN_INFINITE_RECURSION = YES;
				CLANG_WARN_INT_CONVERSION = YES;
				CLANG_WARN_NON_LITERAL_NULL_CONVERSION = YES;
				CLANG_WARN_OBJC_IMPLICIT_RETAIN_SELF = YES;
				CLANG_WARN_OBJC_LITERAL_CONVERSION = YES;
				CLANG_WARN_OBJC_ROOT_CLASS = YES_ERROR;
				CLANG_WARN_QUOTED_INCLUDE_IN_FRAMEWORK_HEADER = YES;
				CLANG_WARN_RANGE_LOOP_ANALYSIS = YES;
				CLANG_WARN_STRICT_PROTOTYPES = YES;
				CLANG_WARN_SUSPICIOUS_MOVE = YES;
				CLANG_WARN_UNGUARDED_AVAILABILITY = YES_AGGRESSIVE;
				CLANG_WARN_UNREACHABLE_CODE = YES;
				CLANG_WARN__DUPLICATE_METHOD_MATCH = YES;
				CODE_SIGN_IDENTITY = "-";
				CODE_SIGN_STYLE = Automatic;
				COPY_PHASE_STRIP = NO;
				DEBUG_INFORMATION_FORMAT = "dwarf-with-dsym";
				ENABLE_NS_ASSERTIONS = NO;
				ENABLE_STRICT_OBJC_MSGSEND = YES;
				ENABLE_USER_SCRIPT_SANDBOXING = YES;
				GCC_C_LANGUAGE_STANDARD = gnu11;
				GCC_NO_COMMON_BLOCKS = YES;
				GCC_WARN_64_TO_32_BIT_CONVERSION = YES;
				GCC_WARN_ABOUT_RETURN_TYPE = YES_ERROR;
				GCC_WARN_UNDECLARED_SELECTOR = YES;
				GCC_WARN_UNINITIALIZED_AUTOS = YES_AGGRESSIVE;
				GCC_WARN_UNUSED_FUNCTION = YES;
				GCC_WARN_UNUSED_VARIABLE = YES;
				IPHONEOS_DEPLOYMENT_TARGET = 17.0;
				MTL_ENABLE_DEBUG_INFO = NO;
				MTL_FAST_MATH = YES;
				PRODUCT_NAME = "$(TARGET_NAME)";
				SDKROOT = iphoneos;
				SWIFT_COMPILATION_MODE = wholemodule;
				SWIFT_OPTIMIZATION_LEVEL = "-O";
				SWIFT_VERSION = 5.10;
			};
			name = Release;
		};
		513D52F26F35FE482724E9B9 /* Debug */ = {
			isa = XCBuildConfiguration;
			buildSettings = {
				BUNDLE_LOADER = "$(TEST_HOST)";
				GENERATE_INFOPLIST_FILE = YES;
				LD_RUNPATH_SEARCH_PATHS = (
					"$(inherited)",
					"@executable_path/Frameworks",
					"@loader_path/Frameworks",
				);
				PRODUCT_BUNDLE_IDENTIFIER = "com.heirloomcrypto.heirloom-tests";
				SDKROOT = iphoneos;
				TARGETED_DEVICE_FAMILY = "1,2";
				TEST_HOST = "$(BUILT_PRODUCTS_DIR)/Heirloom.app/Heirloom";
			};
			name = Debug;
		};
		7E6452342C6E03833DAE135E /* Debug */ = {
			isa = XCBuildConfiguration;
			buildSettings = {
				ASSETCATALOG_COMPILER_APPICON_NAME = AppIcon;
				CODE_SIGN_IDENTITY = "iPhone Developer";
				CURRENT_PROJECT_VERSION = 1;
				GENERATE_INFOPLIST_FILE = YES;
				INFOPLIST_KEY_NSFaceIDUsageDescription = "Heirloom uses Face ID to protect access to your wallet keys.";
				INFOPLIST_KEY_UILaunchScreen_Generation = YES;
				INFOPLIST_KEY_UISupportedInterfaceOrientations = UIInterfaceOrientationPortrait;
				LD_RUNPATH_SEARCH_PATHS = (
					"$(inherited)",
					"@executable_path/Frameworks",
				);
				MARKETING_VERSION = 0.1.0;
				PRODUCT_BUNDLE_IDENTIFIER = com.heirloomcrypto.heirloom;
				SDKROOT = iphoneos;
				SWIFT_ACTIVE_COMPILATION_CONDITIONS = "$(inherited)";
				TARGETED_DEVICE_FAMILY = "1,2";
			};
			name = Debug;
		};
		9BB91B6EB903DCFA72274063 /* Release */ = {
			isa = XCBuildConfiguration;
			buildSettings = {
				BUNDLE_LOADER = "$(TEST_HOST)";
				GENERATE_INFOPLIST_FILE = YES;
				LD_RUNPATH_SEARCH_PATHS = (
					"$(inherited)",
					"@executable_path/Frameworks",
					"@loader_path/Frameworks",
				);
				PRODUCT_BUNDLE_IDENTIFIER = "com.heirloomcrypto.heirloom-tests";
				SDKROOT = iphoneos;
				TARGETED_DEVICE_FAMILY = "1,2";
				TEST_HOST = "$(BUILT_PRODUCTS_DIR)/Heirloom.app/Heirloom";
			};
			name = Release;
		};
		CE60778859EB18EE75B2D060 /* Release */ = {
			isa = XCBuildConfiguration;
			buildSettings = {
				ASSETCATALOG_COMPILER_APPICON_NAME = AppIcon;
				CODE_SIGN_IDENTITY = "iPhone Developer";
				CURRENT_PROJECT_VERSION = 1;
				GENERATE_INFOPLIST_FILE = YES;
				INFOPLIST_KEY_NSFaceIDUsageDescription = "Heirloom uses Face ID to protect access to your wallet keys.";
				INFOPLIST_KEY_UILaunchScreen_Generation = YES;
				INFOPLIST_KEY_UISupportedInterfaceOrientations = UIInterfaceOrientationPortrait;
				LD_RUNPATH_SEARCH_PATHS = (
					"$(inherited)",
					"@executable_path/Frameworks",
				);
				MARKETING_VERSION = 0.1.0;
				PRODUCT_BUNDLE_IDENTIFIER = com.heirloomcrypto.heirloom;
				SDKROOT = iphoneos;
				SWIFT_ACTIVE_COMPILATION_CONDITIONS = "$(inherited)";
				TARGETED_DEVICE_FAMILY = "1,2";
			};
			name = Release;
		};
/* End XCBuildConfiguration section */

/* Begin XCConfigurationList section */
		16DA21FF2B8F68B246F7B119 /* Build configuration list for PBXNativeTarget "HeirloomTests" */ = {
			isa = XCConfigurationList;
			buildConfigurations = (
				513D52F26F35FE482724E9B9 /* Debug */,
				9BB91B6EB903DCFA72274063 /* Release */,
			);
			defaultConfigurationIsVisible = 0;
			defaultConfigurationName = Debug;
		};
		609D89B09191006E9160AD95 /* Build configuration list for PBXNativeTarget "Heirloom" */ = {
			isa = XCConfigurationList;
			buildConfigurations = (
				7E6452342C6E03833DAE135E /* Debug */,
				CE60778859EB18EE75B2D060 /* Release */,
			);
			defaultConfigurationIsVisible = 0;
			defaultConfigurationName = Debug;
		};
		8585573C1CF18747E64A0269 /* Build configuration list for PBXProject "Heirloom" */ = {
			isa = XCConfigurationList;
			buildConfigurations = (
				135A1F413C52B7FA7B8E0D42 /* Debug */,
				1BA081EDEA18B3552D071233 /* Release */,
			);
			defaultConfigurationIsVisible = 0;
			defaultConfigurationName = Debug;
		};
/* End XCConfigurationList section */

/* Begin XCRemoteSwiftPackageReference section */
		CB999A6748AF5985AF2BC71D /* XCRemoteSwiftPackageReference "bdk-swift" */ = {
			isa = XCRemoteSwiftPackageReference;
			repositoryURL = "https://github.com/bitcoindevkit/bdk-swift";
			requirement = {
				kind = exactVersion;
				version = 3.0.0;
			};
		};
/* End XCRemoteSwiftPackageReference section */

/* Begin XCSwiftPackageProductDependency section */
		BFB13209C62FE9CCCE972BDD /* BitcoinDevKit */ = {
			isa = XCSwiftPackageProductDependency;
			package = CB999A6748AF5985AF2BC71D /* XCRemoteSwiftPackageReference "bdk-swift" */;
			productName = BitcoinDevKit;
		};
/* End XCSwiftPackageProductDependency section */
	};
	rootObject = A0A07447C00177730D773FFC /* Project object */;
}
